
Microsoft Visual Studio Solution File, Format Version 12.00
# Visual Studio Version 17
VisualStudioVersion = 17.5.33502.453
MinimumVisualStudioVersion = 10.0.40219.1
Project("{9A19103F-16F7-4668-BE54-9A1E7A4F7556}") = "ChallengeApp", "ChallengeApp\ChallengeApp.csproj", "{C6015827-1E98-4370-81EE-78A32956F8C6}"
EndProject
Project("{FAE04EC0-301F-11D3-BF4B-00C04F79EFBC}") = "ChallengeApp.Tests", "ChallengeApp.Tests\ChallengeApp.Tests.csproj", "{6BFBA259-AEF5-4304-8054-18B51FDE7E1A}"
EndProject
Global
	GlobalSection(SolutionConfigurationPlatforms) = preSolution
		Debug|Any CPU = Debug|Any CPU
		Release|Any CPU = Release|Any CPU
	EndGlobalSection
	GlobalSection(ProjectConfigurationPlatforms) = postSolution
		{C6015827-1E98-4370-81EE-78A32956F8C6}.Debug|Any CPU.ActiveCfg = Debug|Any CPU
		{C6015827-1E98-4370-81EE-78A32956F8C6}.Debug|Any CPU.Build.0 = Debug|Any CPU
		{C6015827-1E98-4370-81EE-78A32956F8C6}.Release|Any CPU.ActiveCfg = Release|Any CPU
		{C6015827-1E98-4370-81EE-78A32956F8C6}.Release|Any CPU.Build.0 = Release|Any CPU
		{6BFBA259-AEF5-4304-8054-18B51FDE7E1A}.Debug|Any CPU.ActiveCfg = Debug|Any CPU
		{6BFBA259-AEF5-4304-8054-18B51FDE7E1A}.Debug|Any CPU.Build.0 = Debug|Any CPU
		{6BFBA259-AEF5-4304-8054-18B51FDE7E1A}.Release|Any CPU.ActiveCfg = Release|Any CPU
		{6BFBA259-AEF5-4304-8054-18B51FDE7E1A}.Release|Any CPU.Build.0 = Release|Any CPU
	EndGlobalSection
	GlobalSection(SolutionProperties) = preSolution
		HideSolutionNode = FALSE
	EndGlobalSection
	GlobalSection(ExtensibilityGlobals) = postSolution
		SolutionGuid = {445F38B9-A43E-4CB1-8805-46E2BC2B4A42}
	EndGlobalSection
EndGlobal
